// !$*UTF8*$!
{
	archiveVersion = 1;
	classes = {
	};
	objectVersion = 56;
	objects = {

/* Begin PBXBuildFile section */
		032ADC092B98E2DC0052F999 /* AppDelegate.swift in Sources */ = {isa = PBXBuildFile; fileRef = 032ADC082B98E2DC0052F999 /* AppDelegate.swift */; };
		032ADC0B2B98E2DC0052F999 /* SceneDelegate.swift in Sources */ = {isa = PBXBuildFile; fileRef = 032ADC0A2B98E2DC0052F999 /* SceneDelegate.swift */; };
		032ADC122B98E2DD0052F999 /* Assets.xcassets in Resources */ = {isa = PBXBuildFile; fileRef = 032ADC112B98E2DD0052F999 /* Assets.xcassets */; };
		032ADC152B98E2DD0052F999 /* LaunchScreen.storyboard in Resources */ = {isa = PBXBuildFile; fileRef = 032ADC132B98E2DD0052F999 /* LaunchScreen.storyboard */; };
		032D31942B9D1E44002CE6A7 /* SearchVC.swift in Sources */ = {isa = PBXBuildFile; fileRef = 032D31932B9D1E44002CE6A7 /* SearchVC.swift */; };
		032D31962B9D1E80002CE6A7 /* FavoritesListVC.swift in Sources */ = {isa = PBXBuildFile; fileRef = 032D31952B9D1E80002CE6A7 /* FavoritesListVC.swift */; };
		032D31982B9D223C002CE6A7 /* GFButton.swift in Sources */ = {isa = PBXBuildFile; fileRef = 032D31972B9D223C002CE6A7 /* GFButton.swift */; };
		032D319A2B9D2652002CE6A7 /* GFTextField.swift in Sources */ = {isa = PBXBuildFile; fileRef = 032D31992B9D2652002CE6A7 /* GFTextField.swift */; };
		032D319C2BA20AD4002CE6A7 /* FollowerListVC.swift in Sources */ = {isa = PBXBuildFile; fileRef = 032D319B2BA20AD4002CE6A7 /* FollowerListVC.swift */; };
		032D319E2BAB5321002CE6A7 /* GFTitleLabel.swift in Sources */ = {isa = PBXBuildFile; fileRef = 032D319D2BAB5321002CE6A7 /* GFTitleLabel.swift */; };
		032D31A02BAB5503002CE6A7 /* GFBodyLabel.swift in Sources */ = {isa = PBXBuildFile; fileRef = 032D319F2BAB5503002CE6A7 /* GFBodyLabel.swift */; };
		032D31A22BABB582002CE6A7 /* GFAlertVC.swift in Sources */ = {isa = PBXBuildFile; fileRef = 032D31A12BABB582002CE6A7 /* GFAlertVC.swift */; };
		0345FD952BD177EF00C783E1 /* ErrorMessage.swift in Sources */ = {isa = PBXBuildFile; fileRef = 0345FD942BD177EF00C783E1 /* ErrorMessage.swift */; };
		0345FD972BD2BDB100C783E1 /* FollowerCell.swift in Sources */ = {isa = PBXBuildFile; fileRef = 0345FD962BD2BDB100C783E1 /* FollowerCell.swift */; };
		0345FD992BD2BE6700C783E1 /* GFAvatarImageView.swift in Sources */ = {isa = PBXBuildFile; fileRef = 0345FD982BD2BE6700C783E1 /* GFAvatarImageView.swift */; };
		0345FD9C2BD5D3F400C783E1 /* UIHelper.swift in Sources */ = {isa = PBXBuildFile; fileRef = 0345FD9B2BD5D3F400C783E1 /* UIHelper.swift */; };
		03A1FBED2BD9A80B00E039C0 /* GFEmpytStateView.swift in Sources */ = {isa = PBXBuildFile; fileRef = 03A1FBEC2BD9A80B00E039C0 /* GFEmpytStateView.swift */; };
		03A1FBEF2BF3D91000E039C0 /* UserInfoVC.swift in Sources */ = {isa = PBXBuildFile; fileRef = 03A1FBEE2BF3D91000E039C0 /* UserInfoVC.swift */; };
		03A1FBF12BF430CA00E039C0 /* GFUserInfoHeaderVC.swift in Sources */ = {isa = PBXBuildFile; fileRef = 03A1FBF02BF430C900E039C0 /* GFUserInfoHeaderVC.swift */; };
		03A1FBF32BF6A31D00E039C0 /* GFSecondaryTitleLabel.swift in Sources */ = {isa = PBXBuildFile; fileRef = 03A1FBF22BF6A31D00E039C0 /* GFSecondaryTitleLabel.swift */; };
		03A1FBF52BF6E03000E039C0 /* constants.swift in Sources */ = {isa = PBXBuildFile; fileRef = 03A1FBF42BF6E03000E039C0 /* constants.swift */; };
		03A1FBF72C36CABB00E039C0 /* GFItemInfoView.swift in Sources */ = {isa = PBXBuildFile; fileRef = 03A1FBF62C36CABB00E039C0 /* GFItemInfoView.swift */; };
		03D1F1362C37F79E00462D20 /* GFItemInfoVC.swift in Sources */ = {isa = PBXBuildFile; fileRef = 03D1F1352C37F79E00462D20 /* GFItemInfoVC.swift */; };
		03D1F1382C38002200462D20 /* GFRepoItemVC.swift in Sources */ = {isa = PBXBuildFile; fileRef = 03D1F1372C38002200462D20 /* GFRepoItemVC.swift */; };
		03D1F13A2C38ABD100462D20 /* GFFollowerItemVC.swift in Sources */ = {isa = PBXBuildFile; fileRef = 03D1F1392C38ABD100462D20 /* GFFollowerItemVC.swift */; };
		03E3D4BA2C42E65E004B2DE9 /* PersistanceManager.swift in Sources */ = {isa = PBXBuildFile; fileRef = 03E3D4B92C42E65E004B2DE9 /* PersistanceManager.swift */; };
		03E3D4BC2C434C86004B2DE9 /* FavoriteCell.swift in Sources */ = {isa = PBXBuildFile; fileRef = 03E3D4BB2C434C86004B2DE9 /* FavoriteCell.swift */; };
		03E92D252BC9A2AC00938D56 /* UIViewController+Ext.swift in Sources */ = {isa = PBXBuildFile; fileRef = 03E92D242BC9A2AC00938D56 /* UIViewController+Ext.swift */; };
		03E92D2B2BC9ADA000938D56 /* Follower.swift in Sources */ = {isa = PBXBuildFile; fileRef = 03E92D2A2BC9AD9F00938D56 /* Follower.swift */; };
		03E92D2D2BC9AEBE00938D56 /* User.swift in Sources */ = {isa = PBXBuildFile; fileRef = 03E92D2C2BC9AEBE00938D56 /* User.swift */; };
		03E92D2F2BCB29B800938D56 /* NetworkManager.swift in Sources */ = {isa = PBXBuildFile; fileRef = 03E92D2E2BCB29B700938D56 /* NetworkManager.swift */; };
/* End PBXBuildFile section */

/* Begin PBXFileReference section */
		032ADC052B98E2DC0052F999 /* GithubFollowers.app */ = {isa = PBXFileReference; explicitFileType = wrapper.application; includeInIndex = 0; path = GithubFollowers.app; sourceTree = BUILT_PRODUCTS_DIR; };
		032ADC082B98E2DC0052F999 /* AppDelegate.swift */ = {isa = PBXFileReference; lastKnownFileType = sourcecode.swift; path = AppDelegate.swift; sourceTree = "<group>"; };
		032ADC0A2B98E2DC0052F999 /* SceneDelegate.swift */ = {isa = PBXFileReference; lastKnownFileType = sourcecode.swift; path = SceneDelegate.swift; sourceTree = "<group>"; };
		032ADC112B98E2DD0052F999 /* Assets.xcassets */ = {isa = PBXFileReference; lastKnownFileType = folder.assetcatalog; path = Assets.xcassets; sourceTree = "<group>"; };
		032ADC142B98E2DD0052F999 /* Base */ = {isa = PBXFileReference; lastKnownFileType = file.storyboard; name = Base; path = Base.lproj/LaunchScreen.storyboard; sourceTree = "<group>"; };
		032ADC162B98E2DD0052F999 /* Info.plist */ = {isa = PBXFileReference; lastKnownFileType = text.plist.xml; path = Info.plist; sourceTree = "<group>"; };
		032D31932B9D1E44002CE6A7 /* SearchVC.swift */ = {isa = PBXFileReference; lastKnownFileType = sourcecode.swift; path = SearchVC.swift; sourceTree = "<group>"; };
		032D31952B9D1E80002CE6A7 /* FavoritesListVC.swift */ = {isa = PBXFileReference; lastKnownFileType = sourcecode.swift; path = FavoritesListVC.swift; sourceTree = "<group>"; };
		032D31972B9D223C002CE6A7 /* GFButton.swift */ = {isa = PBXFileReference; lastKnownFileType = sourcecode.swift; path = GFButton.swift; sourceTree = "<group>"; };
		032D31992B9D2652002CE6A7 /* GFTextField.swift */ = {isa = PBXFileReference; lastKnownFileType = sourcecode.swift; path = GFTextField.swift; sourceTree = "<group>"; };
		032D319B2BA20AD4002CE6A7 /* FollowerListVC.swift */ = {isa = PBXFileReference; lastKnownFileType = sourcecode.swift; path = FollowerListVC.swift; sourceTree = "<group>"; };
		032D319D2BAB5321002CE6A7 /* GFTitleLabel.swift */ = {isa = PBXFileReference; lastKnownFileType = sourcecode.swift; path = GFTitleLabel.swift; sourceTree = "<group>"; };
		032D319F2BAB5503002CE6A7 /* GFBodyLabel.swift */ = {isa = PBXFileReference; lastKnownFileType = sourcecode.swift; path = GFBodyLabel.swift; sourceTree = "<group>"; };
		032D31A12BABB582002CE6A7 /* GFAlertVC.swift */ = {isa = PBXFileReference; lastKnownFileType = sourcecode.swift; path = GFAlertVC.swift; sourceTree = "<group>"; };
		0345FD942BD177EF00C783E1 /* ErrorMessage.swift */ = {isa = PBXFileReference; lastKnownFileType = sourcecode.swift; path = ErrorMessage.swift; sourceTree = "<group>"; };
		0345FD962BD2BDB100C783E1 /* FollowerCell.swift */ = {isa = PBXFileReference; lastKnownFileType = sourcecode.swift; path = FollowerCell.swift; sourceTree = "<group>"; };
		0345FD982BD2BE6700C783E1 /* GFAvatarImageView.swift */ = {isa = PBXFileReference; lastKnownFileType = sourcecode.swift; path = GFAvatarImageView.swift; sourceTree = "<group>"; };
		0345FD9B2BD5D3F400C783E1 /* UIHelper.swift */ = {isa = PBXFileReference; lastKnownFileType = sourcecode.swift; path = UIHelper.swift; sourceTree = "<group>"; };
		03A1FBEC2BD9A80B00E039C0 /* GFEmpytStateView.swift */ = {isa = PBXFileReference; lastKnownFileType = sourcecode.swift; path = GFEmpytStateView.swift; sourceTree = "<group>"; };
		03A1FBEE2BF3D91000E039C0 /* UserInfoVC.swift */ = {isa = PBXFileReference; lastKnownFileType = sourcecode.swift; path = UserInfoVC.swift; sourceTree = "<group>"; };
		03A1FBF02BF430C900E039C0 /* GFUserInfoHeaderVC.swift */ = {isa = PBXFileReference; lastKnownFileType = sourcecode.swift; path = GFUserInfoHeaderVC.swift; sourceTree = "<group>"; };
		03A1FBF22BF6A31D00E039C0 /* GFSecondaryTitleLabel.swift */ = {isa = PBXFileReference; lastKnownFileType = sourcecode.swift; path = GFSecondaryTitleLabel.swift; sourceTree = "<group>"; };
		03A1FBF42BF6E03000E039C0 /* constants.swift */ = {isa = PBXFileReference; lastKnownFileType = sourcecode.swift; path = constants.swift; sourceTree = "<group>"; };
		03A1FBF62C36CABB00E039C0 /* GFItemInfoView.swift */ = {isa = PBXFileReference; lastKnownFileType = sourcecode.swift; path = GFItemInfoView.swift; sourceTree = "<group>"; };
		03D1F1352C37F79E00462D20 /* GFItemInfoVC.swift */ = {isa = PBXFileReference; lastKnownFileType = sourcecode.swift; path = GFItemInfoVC.swift; sourceTree = "<group>"; };
		03D1F1372C38002200462D20 /* GFRepoItemVC.swift */ = {isa = PBXFileReference; lastKnownFileType = sourcecode.swift; path = GFRepoItemVC.swift; sourceTree = "<group>"; };
		03D1F1392C38ABD100462D20 /* GFFollowerItemVC.swift */ = {isa = PBXFileReference; lastKnownFileType = sourcecode.swift; path = GFFollowerItemVC.swift; sourceTree = "<group>"; };
		03E3D4B92C42E65E004B2DE9 /* PersistanceManager.swift */ = {isa = PBXFileReference; lastKnownFileType = sourcecode.swift; path = PersistanceManager.swift; sourceTree = "<group>"; };
		03E3D4BB2C434C86004B2DE9 /* FavoriteCell.swift */ = {isa = PBXFileReference; lastKnownFileType = sourcecode.swift; path = FavoriteCell.swift; sourceTree = "<group>"; };
		03E92D242BC9A2AC00938D56 /* UIViewController+Ext.swift */ = {isa = PBXFileReference; lastKnownFileType = sourcecode.swift; path = "UIViewController+Ext.swift"; sourceTree = "<group>"; };
		03E92D2A2BC9AD9F00938D56 /* Follower.swift */ = {isa = PBXFileReference; lastKnownFileType = sourcecode.swift; path = Follower.swift; sourceTree = "<group>"; };
		03E92D2C2BC9AEBE00938D56 /* User.swift */ = {isa = PBXFileReference; lastKnownFileType = sourcecode.swift; path = User.swift; sourceTree = "<group>"; };
		03E92D2E2BCB29B700938D56 /* NetworkManager.swift */ = {isa = PBXFileReference; lastKnownFileType = sourcecode.swift; path = NetworkManager.swift; sourceTree = "<group>"; };
/* End PBXFileReference section */

/* Begin PBXFrameworksBuildPhase section */
		032ADC022B98E2DB0052F999 /* Frameworks */ = {
			isa = PBXFrameworksBuildPhase;
			buildActionMask = 2147483647;
			files = (
			);
			runOnlyForDeploymentPostprocessing = 0;
		};
/* End PBXFrameworksBuildPhase section */

/* Begin PBXGroup section */
		032ADBFC2B98E2DB0052F999 = {
			isa = PBXGroup;
			children = (
				032ADC072B98E2DC0052F999 /* GithubFollowers */,
				032ADC062B98E2DC0052F999 /* Products */,
			);
			sourceTree = "<group>";
		};
		032ADC062B98E2DC0052F999 /* Products */ = {
			isa = PBXGroup;
			children = (
				032ADC052B98E2DC0052F999 /* GithubFollowers.app */,
			);
			name = Products;
			sourceTree = "<group>";
		};
		032ADC072B98E2DC0052F999 /* GithubFollowers */ = {
			isa = PBXGroup;
			children = (
				0345FD9A2BD5D3E200C783E1 /* Utilities */,
				03E92D292BC9AD9200938D56 /* Model */,
				03E92D282BC9A83600938D56 /* Extensions */,
				03E92D272BC9A81100938D56 /* CustomViews */,
				03E92D262BC9A7EE00938D56 /* Screens */,
				032ADC082B98E2DC0052F999 /* AppDelegate.swift */,
				032ADC0A2B98E2DC0052F999 /* SceneDelegate.swift */,
				032ADC112B98E2DD0052F999 /* Assets.xcassets */,
				032ADC132B98E2DD0052F999 /* LaunchScreen.storyboard */,
				032ADC162B98E2DD0052F999 /* Info.plist */,
			);
			path = GithubFollowers;
			sourceTree = "<group>";
		};
		0345FD9A2BD5D3E200C783E1 /* Utilities */ = {
			isa = PBXGroup;
			children = (
				0345FD942BD177EF00C783E1 /* ErrorMessage.swift */,
				0345FD9B2BD5D3F400C783E1 /* UIHelper.swift */,
				03A1FBF42BF6E03000E039C0 /* constants.swift */,
			);
			path = Utilities;
			sourceTree = "<group>";
		};
		03E92D262BC9A7EE00938D56 /* Screens */ = {
			isa = PBXGroup;
			children = (
				032D31932B9D1E44002CE6A7 /* SearchVC.swift */,
				032D31952B9D1E80002CE6A7 /* FavoritesListVC.swift */,
				032D319B2BA20AD4002CE6A7 /* FollowerListVC.swift */,
				03A1FBEE2BF3D91000E039C0 /* UserInfoVC.swift */,
				03A1FBF02BF430C900E039C0 /* GFUserInfoHeaderVC.swift */,
				03D1F1352C37F79E00462D20 /* GFItemInfoVC.swift */,
				03D1F1372C38002200462D20 /* GFRepoItemVC.swift */,
				03D1F1392C38ABD100462D20 /* GFFollowerItemVC.swift */,
			);
			path = Screens;
			sourceTree = "<group>";
		};
		03E92D272BC9A81100938D56 /* CustomViews */ = {
			isa = PBXGroup;
			children = (
				032D31A12BABB582002CE6A7 /* GFAlertVC.swift */,
				032D319F2BAB5503002CE6A7 /* GFBodyLabel.swift */,
				032D319D2BAB5321002CE6A7 /* GFTitleLabel.swift */,
				032D31972B9D223C002CE6A7 /* GFButton.swift */,
				032D31992B9D2652002CE6A7 /* GFTextField.swift */,
				0345FD962BD2BDB100C783E1 /* FollowerCell.swift */,
				0345FD982BD2BE6700C783E1 /* GFAvatarImageView.swift */,
				03A1FBEC2BD9A80B00E039C0 /* GFEmpytStateView.swift */,
				03A1FBF22BF6A31D00E039C0 /* GFSecondaryTitleLabel.swift */,
				03A1FBF62C36CABB00E039C0 /* GFItemInfoView.swift */,
				03E3D4BB2C434C86004B2DE9 /* FavoriteCell.swift */,
			);
			path = CustomViews;
			sourceTree = "<group>";
		};
		03E92D282BC9A83600938D56 /* Extensions */ = {
			isa = PBXGroup;
			children = (
				03E92D242BC9A2AC00938D56 /* UIViewController+Ext.swift */,
				03E3D4B92C42E65E004B2DE9 /* PersistanceManager.swift */,
			);
			path = Extensions;
			sourceTree = "<group>";
		};
		03E92D292BC9AD9200938D56 /* Model */ = {
			isa = PBXGroup;
			children = (
				03E92D2E2BCB29B700938D56 /* NetworkManager.swift */,
				03E92D2A2BC9AD9F00938D56 /* Follower.swift */,
				03E92D2C2BC9AEBE00938D56 /* User.swift */,
			);
			path = Model;
			sourceTree = "<group>";
		};
/* End PBXGroup section */

/* Begin PBXNativeTarget section */
		032ADC042B98E2DB0052F999 /* GithubFollowers */ = {
			isa = PBXNativeTarget;
			buildConfigurationList = 032ADC192B98E2DD0052F999 /* Build configuration list for PBXNativeTarget "GithubFollowers" */;
			buildPhases = (
				032ADC012B98E2DB0052F999 /* Sources */,
				032ADC022B98E2DB0052F999 /* Frameworks */,
				032ADC032B98E2DB0052F999 /* Resources */,
			);
			buildRules = (
			);
			dependencies = (
			);
			name = GithubFollowers;
			productName = GithubFollowers;
			productReference = 032ADC052B98E2DC0052F999 /* GithubFollowers.app */;
			productType = "com.apple.product-type.application";
		};
/* End PBXNativeTarget section */

/* Begin PBXProject section */
		032ADBFD2B98E2DB0052F999 /* Project object */ = {
			isa = PBXProject;
			attributes = {
				BuildIndependentTargetsInParallel = 1;
				LastSwiftUpdateCheck = 1430;
				LastUpgradeCheck = 1430;
				TargetAttributes = {
					032ADC042B98E2DB0052F999 = {
						CreatedOnToolsVersion = 14.3.1;
					};
				};
			};
			buildConfigurationList = 032ADC002B98E2DB0052F999 /* Build configuration list for PBXProject "GithubFollowers" */;
			compatibilityVersion = "Xcode 14.0";
			developmentRegion = en;
			hasScannedForEncodings = 0;
			knownRegions = (
				en,
				Base,
			);
			mainGroup = 032ADBFC2B98E2DB0052F999;
			productRefGroup = 032ADC062B98E2DC0052F999 /* Products */;
			projectDirPath = "";
			projectRoot = "";
			targets = (
				032ADC042B98E2DB0052F999 /* GithubFollowers */,
			);
		};
/* End PBXProject section */

/* Begin PBXResourcesBuildPhase section */
		032ADC032B98E2DB0052F999 /* Resources */ = {
			isa = PBXResourcesBuildPhase;
			buildActionMask = 2147483647;
			files = (
				032ADC152B98E2DD0052F999 /* LaunchScreen.storyboard in Resources */,
				032ADC122B98E2DD0052F999 /* Assets.xcassets in Resources */,
			);
			runOnlyForDeploymentPostprocessing = 0;
		};
/* End PBXResourcesBuildPhase section */

/* Begin PBXSourcesBuildPhase section */
		032ADC012B98E2DB0052F999 /* Sources */ = {
			isa = PBXSourcesBuildPhase;
			buildActionMask = 2147483647;
			files = (
				03E92D2D2BC9AEBE00938D56 /* User.swift in Sources */,
				032D319A2B9D2652002CE6A7 /* GFTextField.swift in Sources */,
				032D31962B9D1E80002CE6A7 /* FavoritesListVC.swift in Sources */,
				032D31982B9D223C002CE6A7 /* GFButton.swift in Sources */,
				03E92D252BC9A2AC00938D56 /* UIViewController+Ext.swift in Sources */,
				03A1FBF52BF6E03000E039C0 /* constants.swift in Sources */,
				03D1F1362C37F79E00462D20 /* GFItemInfoVC.swift in Sources */,
				0345FD9C2BD5D3F400C783E1 /* UIHelper.swift in Sources */,
				0345FD992BD2BE6700C783E1 /* GFAvatarImageView.swift in Sources */,
				032D31942B9D1E44002CE6A7 /* SearchVC.swift in Sources */,
				032D31A22BABB582002CE6A7 /* GFAlertVC.swift in Sources */,
				03D1F13A2C38ABD100462D20 /* GFFollowerItemVC.swift in Sources */,
				03A1FBF72C36CABB00E039C0 /* GFItemInfoView.swift in Sources */,
				0345FD972BD2BDB100C783E1 /* FollowerCell.swift in Sources */,
				0345FD952BD177EF00C783E1 /* ErrorMessage.swift in Sources */,
				03A1FBF12BF430CA00E039C0 /* GFUserInfoHeaderVC.swift in Sources */,
				032D31A02BAB5503002CE6A7 /* GFBodyLabel.swift in Sources */,
				03E92D2B2BC9ADA000938D56 /* Follower.swift in Sources */,
				032D319E2BAB5321002CE6A7 /* GFTitleLabel.swift in Sources */,
				03A1FBF32BF6A31D00E039C0 /* GFSecondaryTitleLabel.swift in Sources */,
				03E92D2F2BCB29B800938D56 /* NetworkManager.swift in Sources */,
				032D319C2BA20AD4002CE6A7 /* FollowerListVC.swift in Sources */,
				03E3D4BC2C434C86004B2DE9 /* FavoriteCell.swift in Sources */,
				03A1FBED2BD9A80B00E039C0 /* GFEmpytStateView.swift in Sources */,
				032ADC092B98E2DC0052F999 /* AppDelegate.swift in Sources */,
				032ADC0B2B98E2DC0052F999 /* SceneDelegate.swift in Sources */,
				03D1F1382C38002200462D20 /* GFRepoItemVC.swift in Sources */,
				03A1FBEF2BF3D91000E039C0 /* UserInfoVC.swift in Sources */,
				03E3D4BA2C42E65E004B2DE9 /* PersistanceManager.swift in Sources */,
			);
			runOnlyForDeploymentPostprocessing = 0;
		};
/* End PBXSourcesBuildPhase section */

/* Begin PBXVariantGroup section */
		032ADC132B98E2DD0052F999 /* LaunchScreen.storyboard */ = {
			isa = PBXVariantGroup;
			children = (
				032ADC142B98E2DD0052F999 /* Base */,
			);
			name = LaunchScreen.storyboard;
			sourceTree = "<group>";
		};
/* End PBXVariantGroup section */

/* Begin XCBuildConfiguration section */
		032ADC172B98E2DD0052F999 /* Debug */ = {
			isa = XCBuildConfiguration;
			buildSettings = {
				ALWAYS_SEARCH_USER_PATHS = NO;
				CLANG_ANALYZER_NONNULL = YES;
				CLANG_ANALYZER_NUMBER_OBJECT_CONVERSION = YES_AGGRESSIVE;
				CLANG_CXX_LANGUAGE_STANDARD = "gnu++20";
				CLANG_ENABLE_MODULES = YES;
				CLANG_ENABLE_OBJC_ARC = YES;
				CLANG_ENABLE_OBJC_WEAK = YES;
				CLANG_WARN_BLOCK_CAPTURE_AUTORELEASING = YES;
				CLANG_WARN_BOOL_CONVERSION = YES;
				CLANG_WARN_COMMA = YES;
				CLANG_WARN_CONSTANT_CONVERSION = YES;
				CLANG_WARN_DEPRECATED_OBJC_IMPLEMENTATIONS = YES;
				CLANG_WARN_DIRECT_OBJC_ISA_USAGE = YES_ERROR;
				CLANG_WARN_DOCUMENTATION_COMMENTS = YES;
				CLANG_WARN_EMPTY_BODY = YES;
				CLANG_WARN_ENUM_CONVERSION = YES;
				CLANG_WARN_INFINITE_RECURSION = YES;
				CLANG_WARN_INT_CONVERSION = YES;
				CLANG_WARN_NON_LITERAL_NULL_CONVERSION = YES;
				CLANG_WARN_OBJC_IMPLICIT_RETAIN_SELF = YES;
				CLANG_WARN_OBJC_LITERAL_CONVERSION = YES;
				CLANG_WARN_OBJC_ROOT_CLASS = YES_ERROR;
				CLANG_WARN_QUOTED_INCLUDE_IN_FRAMEWORK_HEADER = YES;
				CLANG_WARN_RANGE_LOOP_ANALYSIS = YES;
				CLANG_WARN_STRICT_PROTOTYPES = YES;
				CLANG_WARN_SUSPICIOUS_MOVE = YES;
				CLANG_WARN_UNGUARDED_AVAILABILITY = YES_AGGRESSIVE;
				CLANG_WARN_UNREACHABLE_CODE = YES;
				CLANG_WARN__DUPLICATE_METHOD_MATCH = YES;
				COPY_PHASE_STRIP = NO;
				DEBUG_INFORMATION_FORMAT = dwarf;
				ENABLE_STRICT_OBJC_MSGSEND = YES;
				ENABLE_TESTABILITY = YES;
				GCC_C_LANGUAGE_STANDARD = gnu11;
				GCC_DYNAMIC_NO_PIC = NO;
				GCC_NO_COMMON_BLOCKS = YES;
				GCC_OPTIMIZATION_LEVEL = 0;
				GCC_PREPROCESSOR_DEFINITIONS = (
					"DEBUG=1",
					"$(inherited)",
				);
				GCC_WARN_64_TO_32_BIT_CONVERSION = YES;
				GCC_WARN_ABOUT_RETURN_TYPE = YES_ERROR;
				GCC_WARN_UNDECLARED_SELECTOR = YES;
				GCC_WARN_UNINITIALIZED_AUTOS = YES_AGGRESSIVE;
				GCC_WARN_UNUSED_FUNCTION = YES;
				GCC_WARN_UNUSED_VARIABLE = YES;
				IPHONEOS_DEPLOYMENT_TARGET = 16.4;
				MTL_ENABLE_DEBUG_INFO = INCLUDE_SOURCE;
				MTL_FAST_MATH = YES;
				ONLY_ACTIVE_ARCH = YES;
				SDKROOT = iphoneos;
				SWIFT_ACTIVE_COMPILATION_CONDITIONS = DEBUG;
				SWIFT_OPTIMIZATION_LEVEL = "-Onone";
			};
			name = Debug;
		};
		032ADC182B98E2DD0052F999 /* Release */ = {
			isa = XCBuildConfiguration;
			buildSettings = {
				ALWAYS_SEARCH_USER_PATHS = NO;
				CLANG_ANALYZER_NONNULL = YES;
				CLANG_ANALYZER_NUMBER_OBJECT_CONVERSION = YES_AGGRESSIVE;
				CLANG_CXX_LANGUAGE_STANDARD = "gnu++20";
				CLANG_ENABLE_MODULES = YES;
				CLANG_ENABLE_OBJC_ARC = YES;
				CLANG_ENABLE_OBJC_WEAK = YES;
				CLANG_WARN_BLOCK_CAPTURE_AUTORELEASING = YES;
				CLANG_WARN_BOOL_CONVERSION = YES;
				CLANG_WARN_COMMA = YES;
				CLANG_WARN_CONSTANT_CONVERSION = YES;
				CLANG_WARN_DEPRECATED_OBJC_IMPLEMENTATIONS = YES;
				CLANG_WARN_DIRECT_OBJC_ISA_USAGE = YES_ERROR;
				CLANG_WARN_DOCUMENTATION_COMMENTS = YES;
				CLANG_WARN_EMPTY_BODY = YES;
				CLANG_WARN_ENUM_CONVERSION = YES;
				CLANG_WARN_INFINITE_RECURSION = YES;
				CLANG_WARN_INT_CONVERSION = YES;
				CLANG_WARN_NON_LITERAL_NULL_CONVERSION = YES;
				CLANG_WARN_OBJC_IMPLICIT_RETAIN_SELF = YES;
				CLANG_WARN_OBJC_LITERAL_CONVERSION = YES;
				CLANG_WARN_OBJC_ROOT_CLASS = YES_ERROR;
				CLANG_WARN_QUOTED_INCLUDE_IN_FRAMEWORK_HEADER = YES;
				CLANG_WARN_RANGE_LOOP_ANALYSIS = YES;
				CLANG_WARN_STRICT_PROTOTYPES = YES;
				CLANG_WARN_SUSPICIOUS_MOVE = YES;
				CLANG_WARN_UNGUARDED_AVAILABILITY = YES_AGGRESSIVE;
				CLANG_WARN_UNREACHABLE_CODE = YES;
				CLANG_WARN__DUPLICATE_METHOD_MATCH = YES;
				COPY_PHASE_STRIP = NO;
				DEBUG_INFORMATION_FORMAT = "dwarf-with-dsym";
				ENABLE_NS_ASSERTIONS = NO;
				ENABLE_STRICT_OBJC_MSGSEND = YES;
				GCC_C_LANGUAGE_STANDARD = gnu11;
				GCC_NO_COMMON_BLOCKS = YES;
				GCC_WARN_64_TO_32_BIT_CONVERSION = YES;
				GCC_WARN_ABOUT_RETURN_TYPE = YES_ERROR;
				GCC_WARN_UNDECLARED_SELECTOR = YES;
				GCC_WARN_UNINITIALIZED_AUTOS = YES_AGGRESSIVE;
				GCC_WARN_UNUSED_FUNCTION = YES;
				GCC_WARN_UNUSED_VARIABLE = YES;
				IPHONEOS_DEPLOYMENT_TARGET = 16.4;
				MTL_ENABLE_DEBUG_INFO = NO;
				MTL_FAST_MATH = YES;
				SDKROOT = iphoneos;
				SWIFT_COMPILATION_MODE = wholemodule;
				SWIFT_OPTIMIZATION_LEVEL = "-O";
				VALIDATE_PRODUCT = YES;
			};
			name = Release;
		};
		032ADC1A2B98E2DD0052F999 /* Debug */ = {
			isa = XCBuildConfiguration;
			buildSettings = {
				ASSETCATALOG_COMPILER_APPICON_NAME = AppIcon;
				ASSETCATALOG_COMPILER_GLOBAL_ACCENT_COLOR_NAME = AccentColor;
				CODE_SIGN_STYLE = Automatic;
				CURRENT_PROJECT_VERSION = 1;
				DEVELOPMENT_TEAM = LM5TLWQ7XU;
				GENERATE_INFOPLIST_FILE = YES;
				INFOPLIST_FILE = GithubFollowers/Info.plist;
				INFOPLIST_KEY_UIApplicationSupportsIndirectInputEvents = YES;
				INFOPLIST_KEY_UILaunchStoryboardName = LaunchScreen;
				INFOPLIST_KEY_UISupportedInterfaceOrientations = UIInterfaceOrientationPortrait;
				INFOPLIST_KEY_UISupportedInterfaceOrientations_iPad = "UIInterfaceOrientationLandscapeLeft UIInterfaceOrientationLandscapeRight UIInterfaceOrientationPortrait UIInterfaceOrientationPortraitUpsideDown";
				LD_RUNPATH_SEARCH_PATHS = (
					"$(inherited)",
					"@executable_path/Frameworks",
				);
				MARKETING_VERSION = 1.0;
				PRODUCT_BUNDLE_IDENTIFIER = ahmetsamsun.GithubFollowers;
				PRODUCT_NAME = "$(TARGET_NAME)";
				SWIFT_EMIT_LOC_STRINGS = YES;
				SWIFT_VERSION = 5.0;
				TARGETED_DEVICE_FAMILY = "1,2";
			};
			name = Debug;
		};
		032ADC1B2B98E2DD0052F999 /* Release */ = {
			isa = XCBuildConfiguration;
			buildSettings = {
				ASSETCATALOG_COMPILER_APPICON_NAME = AppIcon;
				ASSETCATALOG_COMPILER_GLOBAL_ACCENT_COLOR_NAME = AccentColor;
				CODE_SIGN_STYLE = Automatic;
				CURRENT_PROJECT_VERSION = 1;
				DEVELOPMENT_TEAM = LM5TLWQ7XU;
				GENERATE_INFOPLIST_FILE = YES;
				INFOPLIST_FILE = GithubFollowers/Info.plist;
				INFOPLIST_KEY_UIApplicationSupportsIndirectInputEvents = YES;
				INFOPLIST_KEY_UILaunchStoryboardName = LaunchScreen;
				INFOPLIST_KEY_UISupportedInterfaceOrientations = UIInterfaceOrientationPortrait;
				INFOPLIST_KEY_UISupportedInterfaceOrientations_iPad = "UIInterfaceOrientationLandscapeLeft UIInterfaceOrientationLandscapeRight UIInterfaceOrientationPortrait UIInterfaceOrientationPortraitUpsideDown";
				LD_RUNPATH_SEARCH_PATHS = (
					"$(inherited)",
					"@executable_path/Frameworks",
				);
				MARKETING_VERSION = 1.0;
				PRODUCT_BUNDLE_IDENTIFIER = ahmetsamsun.GithubFollowers;
				PRODUCT_NAME = "$(TARGET_NAME)";
				SWIFT_EMIT_LOC_STRINGS = YES;
				SWIFT_VERSION = 5.0;
				TARGETED_DEVICE_FAMILY = "1,2";
			};
			name = Release;
		};
/* End XCBuildConfiguration section */

/* Begin XCConfigurationList section */
		032ADC002B98E2DB0052F999 /* Build configuration list for PBXProject "GithubFollowers" */ = {
			isa = XCConfigurationList;
			buildConfigurations = (
				032ADC172B98E2DD0052F999 /* Debug */,
				032ADC182B98E2DD0052F999 /* Release */,
			);
			defaultConfigurationIsVisible = 0;
			defaultConfigurationName = Release;
		};
		032ADC192B98E2DD0052F999 /* Build configuration list for PBXNativeTarget "GithubFollowers" */ = {
			isa = XCConfigurationList;
			buildConfigurations = (
				032ADC1A2B98E2DD0052F999 /* Debug */,
				032ADC1B2B98E2DD0052F999 /* Release */,
			);
			defaultConfigurationIsVisible = 0;
			defaultConfigurationName = Release;
		};
/* End XCConfigurationList section */
	};
	rootObject = 032ADBFD2B98E2DB0052F999 /* Project object */;
}
